
Microsoft Visual Studio Solution File, Format Version 12.00
# Visual Studio Version 16
VisualStudioVersion = 16.0.30804.86
MinimumVisualStudioVersion = 10.0.40219.1
Project("{FAE04EC0-301F-11D3-BF4B-00C04F79EFBC}") = "GetExchangeRateToListView", "GetExchangeRate\GetExchangeRateToListView.csproj", "{2F3CA6CF-3DAB-425A-ADA6-9E34DACFAEAB}"
EndProject
Global
	GlobalSection(SolutionConfigurationPlatforms) = preSolution
		Debug|Any CPU = Debug|Any CPU
		Release|Any CPU = Release|Any CPU
	EndGlobalSection
	GlobalSection(ProjectConfigurationPlatforms) = postSolution
		{2F3CA6CF-3DAB-425A-ADA6-9E34DACFAEAB}.Debug|Any CPU.ActiveCfg = Debug|Any CPU
		{2F3CA6CF-3DAB-425A-ADA6-9E34DACFAEAB}.Debug|Any CPU.Build.0 = Debug|Any CPU
		{2F3CA6CF-3DAB-425A-ADA6-9E34DACFAEAB}.Release|Any CPU.ActiveCfg = Release|Any CPU
		{2F3CA6CF-3DAB-425A-ADA6-9E34DACFAEAB}.Release|Any CPU.Build.0 = Release|Any CPU
	EndGlobalSection
	GlobalSection(SolutionProperties) = preSolution
		HideSolutionNode = FALSE
	EndGlobalSection
	GlobalSection(ExtensibilityGlobals) = postSolution
		SolutionGuid = {AACACE8C-4B36-4AB7-A663-1FAF90B28522}
	EndGlobalSection
EndGlobal
